schema: '2.0'
stages:
  prepare:
    cmd: python src/prepare.py
    deps:
    - path: src/prepare.py
      hash: md5
      md5: 667b00ad06bdd77679bc75e08e854ea6
      size: 918
    outs:
    - path: data/raw
      hash: md5
      md5: 134a6bc7f8542f1671759355378b61fd.dir
      size: 184800512
      nfiles: 4
  preprocess:
    cmd: python src/preprocess.py
    deps:
    - path: data/raw
      hash: md5
      md5: 134a6bc7f8542f1671759355378b61fd.dir
      size: 184800512
      nfiles: 4
    - path: src/preprocess.py
      hash: md5
      md5: c07b8299ba654a003e9078889f84a196
      size: 2496
    params:
      params.yaml:
        preprocess.image_size: 32
        preprocess.seed: 42
        preprocess.val_size: 0.1
    outs:
    - path: data/processed
      hash: md5
      md5: e28027e7e02d91a5dcad2342e4be7b17.dir
      size: 369120919
      nfiles: 7
  train:
    cmd: python src/train.py
    deps:
    - path: data/processed
      hash: md5
      md5: e28027e7e02d91a5dcad2342e4be7b17.dir
      size: 369120919
      nfiles: 7
    - path: src/train.py
      hash: md5
      md5: c00aa58aeafe4e8938dd17a222746e86
      size: 4890
    params:
      params.yaml:
        train.batch_size: 128
        train.dropout_rate: 0.3
        train.epochs: 10
        train.learning_rate: 0.002
        train.num_filters: 32
        train.seed: 42
    outs:
    - path: models
      hash: md5
      md5: 4aa538418009f1f0a1d21d50be6a0bf0.dir
      size: 2492026
      nfiles: 2
  evaluate:
    cmd: python src/evaluate.py
    deps:
    - path: data/processed
      hash: md5
      md5: e28027e7e02d91a5dcad2342e4be7b17.dir
      size: 369120919
      nfiles: 7
    - path: models
      hash: md5
      md5: 4aa538418009f1f0a1d21d50be6a0bf0.dir
      size: 2492026
      nfiles: 2
    - path: src/evaluate.py
      hash: md5
      md5: c21f76608afd281d887e75c9db1d5acd
      size: 1721
    - path: src/train.py
      hash: md5
      md5: c00aa58aeafe4e8938dd17a222746e86
      size: 4890
    outs:
    - path: confusion_matrix.png
      hash: md5
      md5: 7b7bfa597ef3b2f57a77c17416411821
      size: 78924
    - path: metrics.json
      hash: md5
      md5: 1a4a868ac7117f73dd3eaf3be9f5f3ec
      size: 77
